
Microsoft Visual Studio Solution File, Format Version 12.00
# Visual Studio Version 17
VisualStudioVersion = 17.11.35327.3
MinimumVisualStudioVersion = 10.0.40219.1
Project("{FAE04EC0-301F-11D3-BF4B-00C04F79EFBC}") = "ReactProjekti.Server", "ReactProjekti.Server\ReactProjekti.Server.csproj", "{3AD22699-3AB1-4F10-8944-25B82FDD49F0}"
EndProject
Project("{54A90642-561A-4BB1-A94E-469ADEE60C69}") = "reactprojekti.client", "reactprojekti.client\reactprojekti.client.esproj", "{1AC9E3EE-6762-4355-BD91-0F3E49D5D326}"
EndProject
Global
	GlobalSection(SolutionConfigurationPlatforms) = preSolution
		Debug|Any CPU = Debug|Any CPU
		Release|Any CPU = Release|Any CPU
	EndGlobalSection
	GlobalSection(ProjectConfigurationPlatforms) = postSolution
		{3AD22699-3AB1-4F10-8944-25B82FDD49F0}.Debug|Any CPU.ActiveCfg = Debug|Any CPU
		{3AD22699-3AB1-4F10-8944-25B82FDD49F0}.Debug|Any CPU.Build.0 = Debug|Any CPU
		{3AD22699-3AB1-4F10-8944-25B82FDD49F0}.Release|Any CPU.ActiveCfg = Release|Any CPU
		{3AD22699-3AB1-4F10-8944-25B82FDD49F0}.Release|Any CPU.Build.0 = Release|Any CPU
		{1AC9E3EE-6762-4355-BD91-0F3E49D5D326}.Debug|Any CPU.ActiveCfg = Debug|Any CPU
		{1AC9E3EE-6762-4355-BD91-0F3E49D5D326}.Debug|Any CPU.Build.0 = Debug|Any CPU
		{1AC9E3EE-6762-4355-BD91-0F3E49D5D326}.Debug|Any CPU.Deploy.0 = Debug|Any CPU
		{1AC9E3EE-6762-4355-BD91-0F3E49D5D326}.Release|Any CPU.ActiveCfg = Release|Any CPU
		{1AC9E3EE-6762-4355-BD91-0F3E49D5D326}.Release|Any CPU.Build.0 = Release|Any CPU
		{1AC9E3EE-6762-4355-BD91-0F3E49D5D326}.Release|Any CPU.Deploy.0 = Release|Any CPU
	EndGlobalSection
	GlobalSection(SolutionProperties) = preSolution
		HideSolutionNode = FALSE
	EndGlobalSection
	GlobalSection(ExtensibilityGlobals) = postSolution
		SolutionGuid = {8925436B-13C3-4445-BF0B-1B3C1FA95818}
	EndGlobalSection
EndGlobal
